
Microsoft Visual Studio Solution File, Format Version 12.00
# Visual Studio Version 17
VisualStudioVersion = 17.8.34408.163
MinimumVisualStudioVersion = 10.0.40219.1
Project("{F2A71F9B-5D33-465A-A702-920D77279786}") = "RuneScript", "RuneScript\RuneScript.fsproj", "{E75D36A5-A403-40D3-BBEF-7A8583F4C96C}"
EndProject
Global
	GlobalSection(SolutionConfigurationPlatforms) = preSolution
		Debug|Any CPU = Debug|Any CPU
		Release|Any CPU = Release|Any CPU
	EndGlobalSection
	GlobalSection(ProjectConfigurationPlatforms) = postSolution
		{E75D36A5-A403-40D3-BBEF-7A8583F4C96C}.Debug|Any CPU.ActiveCfg = Debug|Any CPU
		{E75D36A5-A403-40D3-BBEF-7A8583F4C96C}.Debug|Any CPU.Build.0 = Debug|Any CPU
		{E75D36A5-A403-40D3-BBEF-7A8583F4C96C}.Release|Any CPU.ActiveCfg = Release|Any CPU
		{E75D36A5-A403-40D3-BBEF-7A8583F4C96C}.Release|Any CPU.Build.0 = Release|Any CPU
	EndGlobalSection
	GlobalSection(SolutionProperties) = preSolution
		HideSolutionNode = FALSE
	EndGlobalSection
	GlobalSection(ExtensibilityGlobals) = postSolution
		SolutionGuid = {B2567240-8B77-4989-A4EB-A579A567BD90}
	EndGlobalSection
EndGlobal
